
Microsoft Visual Studio Solution File, Format Version 12.00
# Visual Studio Version 16
VisualStudioVersion = 16.0.30907.101
MinimumVisualStudioVersion = 10.0.40219.1
Project("{9A19103F-16F7-4668-BE54-9A1E7A4F7556}") = "CampIntro", "KampIntro\CampIntro.csproj", "{E1A9B702-FDBC-4225-96B6-DAD387600D1B}"
EndProject
Project("{9A19103F-16F7-4668-BE54-9A1E7A4F7556}") = "Loops", "Donguler\Loops.csproj", "{3A866F96-E626-4464-8AF4-217471191717}"
EndProject
Project("{9A19103F-16F7-4668-BE54-9A1E7A4F7556}") = "ClassIntro", "ClassIntro\ClassIntro.csproj", "{D35A0510-2511-4982-A58D-4120B412F2A3}"
EndProject
Project("{9A19103F-16F7-4668-BE54-9A1E7A4F7556}") = "Example", "odev1\Example.csproj", "{EE1DCAF1-4CAD-4DBC-B959-B8E517FB54AA}"
EndProject
Project("{9A19103F-16F7-4668-BE54-9A1E7A4F7556}") = "Metods", "Metods\Metods.csproj", "{37C32FF2-06C7-46F3-A1D0-85A2276AF492}"
EndProject
Project("{9A19103F-16F7-4668-BE54-9A1E7A4F7556}") = "Mathematics", "Mathematics\Mathematics.csproj", "{627E6724-DDF7-4596-9AED-88FC2B84DE01}"
EndProject
Project("{9A19103F-16F7-4668-BE54-9A1E7A4F7556}") = "ReferenceTypeValueType", "ReferenceTypeValueType\ReferenceTypeValueType.csproj", "{2425D284-4357-4DD2-ADCA-984F4A1F4BCB}"
EndProject
Project("{9A19103F-16F7-4668-BE54-9A1E7A4F7556}") = "ClassMethodDemo", "ClassMethodDemo\ClassMethodDemo.csproj", "{BA851BA3-A85F-4E21-A920-1910E13038E8}"
EndProject
Project("{9A19103F-16F7-4668-BE54-9A1E7A4F7556}") = "OOPIntro", "OOPIntro\OOPIntro.csproj", "{591E15EF-8B9B-4871-ACDF-CBA65CACEA59}"
EndProject
Project("{9A19103F-16F7-4668-BE54-9A1E7A4F7556}") = "Collections", "Collections\Collections.csproj", "{6BCF3D93-CE70-43A1-9BA0-B0044E7797EE}"
EndProject
Project("{9A19103F-16F7-4668-BE54-9A1E7A4F7556}") = "GenericsIntro", "GenericsIntro\GenericsIntro.csproj", "{D27EF4D0-EB5E-457F-8B88-B6AE77CCB0E4}"
EndProject
Project("{FAE04EC0-301F-11D3-BF4B-00C04F79EFBC}") = "Constructors", "Constructors\Constructors.csproj", "{3DFEAC24-6A60-4A8D-91C4-EDF6B08EBEEE}"
EndProject
Project("{FAE04EC0-301F-11D3-BF4B-00C04F79EFBC}") = "Dictionary", "Dictionary\Dictionary.csproj", "{9E41FB17-9A72-41F2-80B3-826F3D316173}"
EndProject
Global
	GlobalSection(SolutionConfigurationPlatforms) = preSolution
		Debug|Any CPU = Debug|Any CPU
		Release|Any CPU = Release|Any CPU
	EndGlobalSection
	GlobalSection(ProjectConfigurationPlatforms) = postSolution
		{E1A9B702-FDBC-4225-96B6-DAD387600D1B}.Debug|Any CPU.ActiveCfg = Debug|Any CPU
		{E1A9B702-FDBC-4225-96B6-DAD387600D1B}.Debug|Any CPU.Build.0 = Debug|Any CPU
		{E1A9B702-FDBC-4225-96B6-DAD387600D1B}.Release|Any CPU.ActiveCfg = Release|Any CPU
		{E1A9B702-FDBC-4225-96B6-DAD387600D1B}.Release|Any CPU.Build.0 = Release|Any CPU
		{3A866F96-E626-4464-8AF4-217471191717}.Debug|Any CPU.ActiveCfg = Debug|Any CPU
		{3A866F96-E626-4464-8AF4-217471191717}.Debug|Any CPU.Build.0 = Debug|Any CPU
		{3A866F96-E626-4464-8AF4-217471191717}.Release|Any CPU.ActiveCfg = Release|Any CPU
		{3A866F96-E626-4464-8AF4-217471191717}.Release|Any CPU.Build.0 = Release|Any CPU
		{D35A0510-2511-4982-A58D-4120B412F2A3}.Debug|Any CPU.ActiveCfg = Debug|Any CPU
		{D35A0510-2511-4982-A58D-4120B412F2A3}.Debug|Any CPU.Build.0 = Debug|Any CPU
		{D35A0510-2511-4982-A58D-4120B412F2A3}.Release|Any CPU.ActiveCfg = Release|Any CPU
		{D35A0510-2511-4982-A58D-4120B412F2A3}.Release|Any CPU.Build.0 = Release|Any CPU
		{EE1DCAF1-4CAD-4DBC-B959-B8E517FB54AA}.Debug|Any CPU.ActiveCfg = Debug|Any CPU
		{EE1DCAF1-4CAD-4DBC-B959-B8E517FB54AA}.Debug|Any CPU.Build.0 = Debug|Any CPU
		{EE1DCAF1-4CAD-4DBC-B959-B8E517FB54AA}.Release|Any CPU.ActiveCfg = Release|Any CPU
		{EE1DCAF1-4CAD-4DBC-B959-B8E517FB54AA}.Release|Any CPU.Build.0 = Release|Any CPU
		{37C32FF2-06C7-46F3-A1D0-85A2276AF492}.Debug|Any CPU.ActiveCfg = Debug|Any CPU
		{37C32FF2-06C7-46F3-A1D0-85A2276AF492}.Debug|Any CPU.Build.0 = Debug|Any CPU
		{37C32FF2-06C7-46F3-A1D0-85A2276AF492}.Release|Any CPU.ActiveCfg = Release|Any CPU
		{37C32FF2-06C7-46F3-A1D0-85A2276AF492}.Release|Any CPU.Build.0 = Release|Any CPU
		{627E6724-DDF7-4596-9AED-88FC2B84DE01}.Debug|Any CPU.ActiveCfg = Debug|Any CPU
		{627E6724-DDF7-4596-9AED-88FC2B84DE01}.Debug|Any CPU.Build.0 = Debug|Any CPU
		{627E6724-DDF7-4596-9AED-88FC2B84DE01}.Release|Any CPU.ActiveCfg = Release|Any CPU
		{627E6724-DDF7-4596-9AED-88FC2B84DE01}.Release|Any CPU.Build.0 = Release|Any CPU
		{2425D284-4357-4DD2-ADCA-984F4A1F4BCB}.Debug|Any CPU.ActiveCfg = Debug|Any CPU
		{2425D284-4357-4DD2-ADCA-984F4A1F4BCB}.Debug|Any CPU.Build.0 = Debug|Any CPU
		{2425D284-4357-4DD2-ADCA-984F4A1F4BCB}.Release|Any CPU.ActiveCfg = Release|Any CPU
		{2425D284-4357-4DD2-ADCA-984F4A1F4BCB}.Release|Any CPU.Build.0 = Release|Any CPU
		{BA851BA3-A85F-4E21-A920-1910E13038E8}.Debug|Any CPU.ActiveCfg = Debug|Any CPU
		{BA851BA3-A85F-4E21-A920-1910E13038E8}.Debug|Any CPU.Build.0 = Debug|Any CPU
		{BA851BA3-A85F-4E21-A920-1910E13038E8}.Release|Any CPU.ActiveCfg = Release|Any CPU
		{BA851BA3-A85F-4E21-A920-1910E13038E8}.Release|Any CPU.Build.0 = Release|Any CPU
		{591E15EF-8B9B-4871-ACDF-CBA65CACEA59}.Debug|Any CPU.ActiveCfg = Debug|Any CPU
		{591E15EF-8B9B-4871-ACDF-CBA65CACEA59}.Debug|Any CPU.Build.0 = Debug|Any CPU
		{591E15EF-8B9B-4871-ACDF-CBA65CACEA59}.Release|Any CPU.ActiveCfg = Release|Any CPU
		{591E15EF-8B9B-4871-ACDF-CBA65CACEA59}.Release|Any CPU.Build.0 = Release|Any CPU
		{6BCF3D93-CE70-43A1-9BA0-B0044E7797EE}.Debug|Any CPU.ActiveCfg = Debug|Any CPU
		{6BCF3D93-CE70-43A1-9BA0-B0044E7797EE}.Debug|Any CPU.Build.0 = Debug|Any CPU
		{6BCF3D93-CE70-43A1-9BA0-B0044E7797EE}.Release|Any CPU.ActiveCfg = Release|Any CPU
		{6BCF3D93-CE70-43A1-9BA0-B0044E7797EE}.Release|Any CPU.Build.0 = Release|Any CPU
		{D27EF4D0-EB5E-457F-8B88-B6AE77CCB0E4}.Debug|Any CPU.ActiveCfg = Debug|Any CPU
		{D27EF4D0-EB5E-457F-8B88-B6AE77CCB0E4}.Debug|Any CPU.Build.0 = Debug|Any CPU
		{D27EF4D0-EB5E-457F-8B88-B6AE77CCB0E4}.Release|Any CPU.ActiveCfg = Release|Any CPU
		{D27EF4D0-EB5E-457F-8B88-B6AE77CCB0E4}.Release|Any CPU.Build.0 = Release|Any CPU
		{3DFEAC24-6A60-4A8D-91C4-EDF6B08EBEEE}.Debug|Any CPU.ActiveCfg = Debug|Any CPU
		{3DFEAC24-6A60-4A8D-91C4-EDF6B08EBEEE}.Debug|Any CPU.Build.0 = Debug|Any CPU
		{3DFEAC24-6A60-4A8D-91C4-EDF6B08EBEEE}.Release|Any CPU.ActiveCfg = Release|Any CPU
		{3DFEAC24-6A60-4A8D-91C4-EDF6B08EBEEE}.Release|Any CPU.Build.0 = Release|Any CPU
		{9E41FB17-9A72-41F2-80B3-826F3D316173}.Debug|Any CPU.ActiveCfg = Debug|Any CPU
		{9E41FB17-9A72-41F2-80B3-826F3D316173}.Debug|Any CPU.Build.0 = Debug|Any CPU
		{9E41FB17-9A72-41F2-80B3-826F3D316173}.Release|Any CPU.ActiveCfg = Release|Any CPU
		{9E41FB17-9A72-41F2-80B3-826F3D316173}.Release|Any CPU.Build.0 = Release|Any CPU
	EndGlobalSection
	GlobalSection(SolutionProperties) = preSolution
		HideSolutionNode = FALSE
	EndGlobalSection
	GlobalSection(ExtensibilityGlobals) = postSolution
		SolutionGuid = {A1E94C8A-BF9E-41F5-9BDA-B4A3EAE1EF57}
	EndGlobalSection
EndGlobal
