
Microsoft Visual Studio Solution File, Format Version 12.00
# Visual Studio Version 16
VisualStudioVersion = 16.0.30907.101
MinimumVisualStudioVersion = 10.0.40219.1
Project("{9A19103F-16F7-4668-BE54-9A1E7A4F7556}") = "CampIntro", "KampIntro\CampIntro.csproj", "{E1A9B702-FDBC-4225-96B6-DAD387600D1B}"
EndProject
Project("{9A19103F-16F7-4668-BE54-9A1E7A4F7556}") = "Loops", "Donguler\Loops.csproj", "{3A866F96-E626-4464-8AF4-217471191717}"
EndProject
Project("{9A19103F-16F7-4668-BE54-9A1E7A4F7556}") = "ClassIntro", "ClassIntro\ClassIntro.csproj", "{D35A0510-2511-4982-A58D-4120B412F2A3}"
EndProject
Project("{9A19103F-16F7-4668-BE54-9A1E7A4F7556}") = "Example", "odev1\Example.csproj", "{EE1DCAF1-4CAD-4DBC-B959-B8E517FB54AA}"
EndProject
Project("{9A19103F-16F7-4668-BE54-9A1E7A4F7556}") = "Metods", "Metods\Metods.csproj", "{37C32FF2-06C7-46F3-A1D0-85A2276AF492}"
EndProject
Project("{9A19103F-16F7-4668-BE54-9A1E7A4F7556}") = "Mathematics", "Mathematics\Mathematics.csproj", "{627E6724-DDF7-4596-9AED-88FC2B84DE01}"
EndProject
Project("{9A19103F-16F7-4668-BE54-9A1E7A4F7556}") = "ReferenceTypeValueType", "ReferenceTypeValueType\ReferenceTypeValueType.csproj", "{2425D284-4357-4DD2-ADCA-984F4A1F4BCB}"
EndProject
Project("{FAE04EC0-301F-11D3-BF4B-00C04F79EFBC}") = "ClassMethodDemo", "ClassMethodDemo\ClassMethodDemo.csproj", "{BA851BA3-A85F-4E21-A920-1910E13038E8}"
EndProject
Global
	GlobalSection(SolutionConfigurationPlatforms) = preSolution
		Debug|Any CPU = Debug|Any CPU
		Release|Any CPU = Release|Any CPU
	EndGlobalSection
	GlobalSection(ProjectConfigurationPlatforms) = postSolution
		{E1A9B702-FDBC-4225-96B6-DAD387600D1B}.Debug|Any CPU.ActiveCfg = Debug|Any CPU
		{E1A9B702-FDBC-4225-96B6-DAD387600D1B}.Debug|Any CPU.Build.0 = Debug|Any CPU
		{E1A9B702-FDBC-4225-96B6-DAD387600D1B}.Release|Any CPU.ActiveCfg = Release|Any CPU
		{E1A9B702-FDBC-4225-96B6-DAD387600D1B}.Release|Any CPU.Build.0 = Release|Any CPU
		{3A866F96-E626-4464-8AF4-217471191717}.Debug|Any CPU.ActiveCfg = Debug|Any CPU
		{3A866F96-E626-4464-8AF4-217471191717}.Debug|Any CPU.Build.0 = Debug|Any CPU
		{3A866F96-E626-4464-8AF4-217471191717}.Release|Any CPU.ActiveCfg = Release|Any CPU
		{3A866F96-E626-4464-8AF4-217471191717}.Release|Any CPU.Build.0 = Release|Any CPU
		{D35A0510-2511-4982-A58D-4120B412F2A3}.Debug|Any CPU.ActiveCfg = Debug|Any CPU
		{D35A0510-2511-4982-A58D-4120B412F2A3}.Debug|Any CPU.Build.0 = Debug|Any CPU
		{D35A0510-2511-4982-A58D-4120B412F2A3}.Release|Any CPU.ActiveCfg = Release|Any CPU
		{D35A0510-2511-4982-A58D-4120B412F2A3}.Release|Any CPU.Build.0 = Release|Any CPU
		{EE1DCAF1-4CAD-4DBC-B959-B8E517FB54AA}.Debug|Any CPU.ActiveCfg = Debug|Any CPU
		{EE1DCAF1-4CAD-4DBC-B959-B8E517FB54AA}.Debug|Any CPU.Build.0 = Debug|Any CPU
		{EE1DCAF1-4CAD-4DBC-B959-B8E517FB54AA}.Release|Any CPU.ActiveCfg = Release|Any CPU
		{EE1DCAF1-4CAD-4DBC-B959-B8E517FB54AA}.Release|Any CPU.Build.0 = Release|Any CPU
		{37C32FF2-06C7-46F3-A1D0-85A2276AF492}.Debug|Any CPU.ActiveCfg = Debug|Any CPU
		{37C32FF2-06C7-46F3-A1D0-85A2276AF492}.Debug|Any CPU.Build.0 = Debug|Any CPU
		{37C32FF2-06C7-46F3-A1D0-85A2276AF492}.Release|Any CPU.ActiveCfg = Release|Any CPU
		{37C32FF2-06C7-46F3-A1D0-85A2276AF492}.Release|Any CPU.Build.0 = Release|Any CPU
		{627E6724-DDF7-4596-9AED-88FC2B84DE01}.Debug|Any CPU.ActiveCfg = Debug|Any CPU
		{627E6724-DDF7-4596-9AED-88FC2B84DE01}.Debug|Any CPU.Build.0 = Debug|Any CPU
		{627E6724-DDF7-4596-9AED-88FC2B84DE01}.Release|Any CPU.ActiveCfg = Release|Any CPU
		{627E6724-DDF7-4596-9AED-88FC2B84DE01}.Release|Any CPU.Build.0 = Release|Any CPU
		{2425D284-4357-4DD2-ADCA-984F4A1F4BCB}.Debug|Any CPU.ActiveCfg = Debug|Any CPU
		{2425D284-4357-4DD2-ADCA-984F4A1F4BCB}.Debug|Any CPU.Build.0 = Debug|Any CPU
		{2425D284-4357-4DD2-ADCA-984F4A1F4BCB}.Release|Any CPU.ActiveCfg = Release|Any CPU
		{2425D284-4357-4DD2-ADCA-984F4A1F4BCB}.Release|Any CPU.Build.0 = Release|Any CPU
		{BA851BA3-A85F-4E21-A920-1910E13038E8}.Debug|Any CPU.ActiveCfg = Debug|Any CPU
		{BA851BA3-A85F-4E21-A920-1910E13038E8}.Debug|Any CPU.Build.0 = Debug|Any CPU
		{BA851BA3-A85F-4E21-A920-1910E13038E8}.Release|Any CPU.ActiveCfg = Release|Any CPU
		{BA851BA3-A85F-4E21-A920-1910E13038E8}.Release|Any CPU.Build.0 = Release|Any CPU
	EndGlobalSection
	GlobalSection(SolutionProperties) = preSolution
		HideSolutionNode = FALSE
	EndGlobalSection
	GlobalSection(ExtensibilityGlobals) = postSolution
		SolutionGuid = {A1E94C8A-BF9E-41F5-9BDA-B4A3EAE1EF57}
	EndGlobalSection
EndGlobal
